
Microsoft Visual Studio Solution File, Format Version 12.00
# Visual Studio 15
VisualStudioVersion = 15.0.28307.329
MinimumVisualStudioVersion = 10.0.40219.1
Project("{FAE04EC0-301F-11D3-BF4B-00C04F79EFBC}") = "IISAppPools", "IISAppPools\IISAppPools.csproj", "{1783FE31-43DB-4B84-8276-07DE66821DAE}"
EndProject
Global
	GlobalSection(SolutionConfigurationPlatforms) = preSolution
		Debug|Any CPU = Debug|Any CPU
		Release|Any CPU = Release|Any CPU
	EndGlobalSection
	GlobalSection(ProjectConfigurationPlatforms) = postSolution
		{1783FE31-43DB-4B84-8276-07DE66821DAE}.Debug|Any CPU.ActiveCfg = Debug|Any CPU
		{1783FE31-43DB-4B84-8276-07DE66821DAE}.Debug|Any CPU.Build.0 = Debug|Any CPU
		{1783FE31-43DB-4B84-8276-07DE66821DAE}.Release|Any CPU.ActiveCfg = Release|Any CPU
		{1783FE31-43DB-4B84-8276-07DE66821DAE}.Release|Any CPU.Build.0 = Release|Any CPU
	EndGlobalSection
	GlobalSection(SolutionProperties) = preSolution
		HideSolutionNode = FALSE
	EndGlobalSection
	GlobalSection(ExtensibilityGlobals) = postSolution
		SolutionGuid = {E0620622-81E1-476C-B568-ACAE6DEAE2CA}
	EndGlobalSection
EndGlobal
